
Microsoft Visual Studio Solution File, Format Version 12.00
# Visual Studio Version 17
VisualStudioVersion = 17.7.34221.43
MinimumVisualStudioVersion = 10.0.40219.1
Project("{FAE04EC0-301F-11D3-BF4B-00C04F79EFBC}") = "LeaveManagement.Web", "LeaveManagement.Web\LeaveManagement.Web.csproj", "{0B7A7EAF-E8FA-4763-A9E4-F88059E5C81E}"
EndProject
Global
	GlobalSection(SolutionConfigurationPlatforms) = preSolution
		Debug|Any CPU = Debug|Any CPU
		Release|Any CPU = Release|Any CPU
	EndGlobalSection
	GlobalSection(ProjectConfigurationPlatforms) = postSolution
		{0B7A7EAF-E8FA-4763-A9E4-F88059E5C81E}.Debug|Any CPU.ActiveCfg = Debug|Any CPU
		{0B7A7EAF-E8FA-4763-A9E4-F88059E5C81E}.Debug|Any CPU.Build.0 = Debug|Any CPU
		{0B7A7EAF-E8FA-4763-A9E4-F88059E5C81E}.Release|Any CPU.ActiveCfg = Release|Any CPU
		{0B7A7EAF-E8FA-4763-A9E4-F88059E5C81E}.Release|Any CPU.Build.0 = Release|Any CPU
	EndGlobalSection
	GlobalSection(SolutionProperties) = preSolution
		HideSolutionNode = FALSE
	EndGlobalSection
	GlobalSection(ExtensibilityGlobals) = postSolution
		SolutionGuid = {897A706A-536B-4EF1-A04C-73DECE591F2B}
	EndGlobalSection
EndGlobal
